{
  "name": "word-counter-rws",
  "version": "1.0.0",
  "lockfileVersion": 3,
  "requires": true,
  "packages": {
    "": {
      "name": "word-counter-rws",
      "version": "1.0.0",
      "license": "MIT",
      "dependencies": {
        "word-counter-rws": "^1.0.0"
      }
    },
    "node_modules/word-counter-rws": {
      "version": "1.0.0",
      "resolved": "https://registry.npmjs.org/word-counter-rws/-/word-counter-rws-1.0.0.tgz",
      "integrity": "sha512-IsKDp4p0H9zWsL//F6/y7ITop1xpxOJOjOuKWAQrQkWta/8RL244uQzmjx5wX43gpg7Mf8vYkk9gb8ce2qo2YQ=="
    }
  }
}
